
Microsoft Visual Studio Solution File, Format Version 12.00
# Visual Studio Version 17
VisualStudioVersion = 17.0.31912.275
MinimumVisualStudioVersion = 10.0.40219.1
Project("{8BC9CEB8-8B4A-11D0-8D11-00A0C91BC942}") = "08_More_Structures_In_Detail", "08_More_Structures_In_Detail.vcxproj", "{DBC76466-553A-49E0-AF41-BE61EE2CEBC9}"
EndProject
Global
	GlobalSection(SolutionConfigurationPlatforms) = preSolution
		Debug|x64 = Debug|x64
		Debug|x86 = Debug|x86
		Release|x64 = Release|x64
		Release|x86 = Release|x86
	EndGlobalSection
	GlobalSection(ProjectConfigurationPlatforms) = postSolution
		{DBC76466-553A-49E0-AF41-BE61EE2CEBC9}.Debug|x64.ActiveCfg = Debug|x64
		{DBC76466-553A-49E0-AF41-BE61EE2CEBC9}.Debug|x64.Build.0 = Debug|x64
		{DBC76466-553A-49E0-AF41-BE61EE2CEBC9}.Debug|x86.ActiveCfg = Debug|Win32
		{DBC76466-553A-49E0-AF41-BE61EE2CEBC9}.Debug|x86.Build.0 = Debug|Win32
		{DBC76466-553A-49E0-AF41-BE61EE2CEBC9}.Release|x64.ActiveCfg = Release|x64
		{DBC76466-553A-49E0-AF41-BE61EE2CEBC9}.Release|x64.Build.0 = Release|x64
		{DBC76466-553A-49E0-AF41-BE61EE2CEBC9}.Release|x86.ActiveCfg = Release|Win32
		{DBC76466-553A-49E0-AF41-BE61EE2CEBC9}.Release|x86.Build.0 = Release|Win32
	EndGlobalSection
	GlobalSection(SolutionProperties) = preSolution
		HideSolutionNode = FALSE
	EndGlobalSection
	GlobalSection(ExtensibilityGlobals) = postSolution
		SolutionGuid = {B5B997A7-9352-494E-9421-872AB5C73C21}
	EndGlobalSection
EndGlobal
